
Microsoft Visual Studio Solution File, Format Version 12.00
# Visual Studio Version 16
VisualStudioVersion = 16.0.30907.101
MinimumVisualStudioVersion = 10.0.40219.1
Project("{9A19103F-16F7-4668-BE54-9A1E7A4F7556}") = "Writer", "Writer\Writer.csproj", "{57ABAC2A-8372-498B-ABF2-05972259BB5A}"
EndProject
Project("{FAE04EC0-301F-11D3-BF4B-00C04F79EFBC}") = "WriterTest", "WriterTest\WriterTest.csproj", "{92361FBE-4F06-4E9E-B5AB-B68793DED048}"
EndProject
Global
	GlobalSection(SolutionConfigurationPlatforms) = preSolution
		Debug|Any CPU = Debug|Any CPU
		Debug|x64 = Debug|x64
		Release|Any CPU = Release|Any CPU
		Release|x64 = Release|x64
	EndGlobalSection
	GlobalSection(ProjectConfigurationPlatforms) = postSolution
		{57ABAC2A-8372-498B-ABF2-05972259BB5A}.Debug|Any CPU.ActiveCfg = Debug|Any CPU
		{57ABAC2A-8372-498B-ABF2-05972259BB5A}.Debug|Any CPU.Build.0 = Debug|Any CPU
		{57ABAC2A-8372-498B-ABF2-05972259BB5A}.Debug|x64.ActiveCfg = Debug|x64
		{57ABAC2A-8372-498B-ABF2-05972259BB5A}.Debug|x64.Build.0 = Debug|x64
		{57ABAC2A-8372-498B-ABF2-05972259BB5A}.Release|Any CPU.ActiveCfg = Release|Any CPU
		{57ABAC2A-8372-498B-ABF2-05972259BB5A}.Release|Any CPU.Build.0 = Release|Any CPU
		{57ABAC2A-8372-498B-ABF2-05972259BB5A}.Release|x64.ActiveCfg = Release|x64
		{57ABAC2A-8372-498B-ABF2-05972259BB5A}.Release|x64.Build.0 = Release|x64
		{92361FBE-4F06-4E9E-B5AB-B68793DED048}.Debug|Any CPU.ActiveCfg = Debug|Any CPU
		{92361FBE-4F06-4E9E-B5AB-B68793DED048}.Debug|Any CPU.Build.0 = Debug|Any CPU
		{92361FBE-4F06-4E9E-B5AB-B68793DED048}.Debug|x64.ActiveCfg = Debug|Any CPU
		{92361FBE-4F06-4E9E-B5AB-B68793DED048}.Debug|x64.Build.0 = Debug|Any CPU
		{92361FBE-4F06-4E9E-B5AB-B68793DED048}.Release|Any CPU.ActiveCfg = Release|Any CPU
		{92361FBE-4F06-4E9E-B5AB-B68793DED048}.Release|Any CPU.Build.0 = Release|Any CPU
		{92361FBE-4F06-4E9E-B5AB-B68793DED048}.Release|x64.ActiveCfg = Release|Any CPU
		{92361FBE-4F06-4E9E-B5AB-B68793DED048}.Release|x64.Build.0 = Release|Any CPU
	EndGlobalSection
	GlobalSection(SolutionProperties) = preSolution
		HideSolutionNode = FALSE
	EndGlobalSection
	GlobalSection(ExtensibilityGlobals) = postSolution
		SolutionGuid = {4CE2CBE8-59D2-4471-9CB6-0A9B7B845F16}
	EndGlobalSection
EndGlobal
